
Microsoft Visual Studio Solution File, Format Version 12.00
# Visual Studio Version 16
VisualStudioVersion = 16.0.30517.126
MinimumVisualStudioVersion = 10.0.40219.1
Project("{9A19103F-16F7-4668-BE54-9A1E7A4F7556}") = "Ls.Sass.Storage", "Ls.Sass.Storage\Ls.Sass.Storage.csproj", "{613636BB-6E7F-4B55-A17E-E94311FA4E96}"
EndProject
Project("{9A19103F-16F7-4668-BE54-9A1E7A4F7556}") = "Ls.Sass.Storage.Web", "Ls.Sass.Storage.Web\Ls.Sass.Storage.Web.csproj", "{973D25C9-6E7C-424F-8CAF-A8A1C38046B1}"
EndProject
Global
	GlobalSection(SolutionConfigurationPlatforms) = preSolution
		Debug|Any CPU = Debug|Any CPU
		Release|Any CPU = Release|Any CPU
	EndGlobalSection
	GlobalSection(ProjectConfigurationPlatforms) = postSolution
		{613636BB-6E7F-4B55-A17E-E94311FA4E96}.Debug|Any CPU.ActiveCfg = Debug|Any CPU
		{613636BB-6E7F-4B55-A17E-E94311FA4E96}.Debug|Any CPU.Build.0 = Debug|Any CPU
		{613636BB-6E7F-4B55-A17E-E94311FA4E96}.Release|Any CPU.ActiveCfg = Release|Any CPU
		{613636BB-6E7F-4B55-A17E-E94311FA4E96}.Release|Any CPU.Build.0 = Release|Any CPU
		{973D25C9-6E7C-424F-8CAF-A8A1C38046B1}.Debug|Any CPU.ActiveCfg = Debug|Any CPU
		{973D25C9-6E7C-424F-8CAF-A8A1C38046B1}.Debug|Any CPU.Build.0 = Debug|Any CPU
		{973D25C9-6E7C-424F-8CAF-A8A1C38046B1}.Release|Any CPU.ActiveCfg = Release|Any CPU
		{973D25C9-6E7C-424F-8CAF-A8A1C38046B1}.Release|Any CPU.Build.0 = Release|Any CPU
	EndGlobalSection
	GlobalSection(SolutionProperties) = preSolution
		HideSolutionNode = FALSE
	EndGlobalSection
	GlobalSection(ExtensibilityGlobals) = postSolution
		SolutionGuid = {EDC267A6-76DD-413E-AEC8-E049790D7488}
	EndGlobalSection
EndGlobal
